
Microsoft Visual Studio Solution File, Format Version 12.00
# Visual Studio 15
VisualStudioVersion = 15.0.27703.2000
MinimumVisualStudioVersion = 10.0.40219.1
Project("{FAE04EC0-301F-11D3-BF4B-00C04F79EFBC}") = "Aerial.db", "Aerial.db\Aerial.db.csproj", "{DA69BB4B-E1E0-4C5C-B6D8-40FA6F7F5080}"
EndProject
Project("{FAE04EC0-301F-11D3-BF4B-00C04F79EFBC}") = "Aerial.db.dal", "Aerial.db.dal\Aerial.db.dal.csproj", "{146EED85-D880-4692-ACFC-75218340DD3B}"
EndProject
Project("{FAE04EC0-301F-11D3-BF4B-00C04F79EFBC}") = "Aerial.db - Work Order Processing", "Aerial.db.wop\Aerial.db - Work Order Processing.csproj", "{329E062C-2E8F-41C1-AF26-E28418A68EA5}"
EndProject
Global
	GlobalSection(SolutionConfigurationPlatforms) = preSolution
		Debug|Any CPU = Debug|Any CPU
		Debug|x86 = Debug|x86
		Release|Any CPU = Release|Any CPU
		Release|x86 = Release|x86
	EndGlobalSection
	GlobalSection(ProjectConfigurationPlatforms) = postSolution
		{DA69BB4B-E1E0-4C5C-B6D8-40FA6F7F5080}.Debug|Any CPU.ActiveCfg = Debug|x86
		{DA69BB4B-E1E0-4C5C-B6D8-40FA6F7F5080}.Debug|x86.ActiveCfg = Debug|x86
		{DA69BB4B-E1E0-4C5C-B6D8-40FA6F7F5080}.Debug|x86.Build.0 = Debug|x86
		{DA69BB4B-E1E0-4C5C-B6D8-40FA6F7F5080}.Release|Any CPU.ActiveCfg = Release|x86
		{DA69BB4B-E1E0-4C5C-B6D8-40FA6F7F5080}.Release|x86.ActiveCfg = Release|x86
		{DA69BB4B-E1E0-4C5C-B6D8-40FA6F7F5080}.Release|x86.Build.0 = Release|x86
		{146EED85-D880-4692-ACFC-75218340DD3B}.Debug|Any CPU.ActiveCfg = Debug|Any CPU
		{146EED85-D880-4692-ACFC-75218340DD3B}.Debug|Any CPU.Build.0 = Debug|Any CPU
		{146EED85-D880-4692-ACFC-75218340DD3B}.Debug|x86.ActiveCfg = Debug|Any CPU
		{146EED85-D880-4692-ACFC-75218340DD3B}.Debug|x86.Build.0 = Debug|Any CPU
		{146EED85-D880-4692-ACFC-75218340DD3B}.Release|Any CPU.ActiveCfg = Release|Any CPU
		{146EED85-D880-4692-ACFC-75218340DD3B}.Release|Any CPU.Build.0 = Release|Any CPU
		{146EED85-D880-4692-ACFC-75218340DD3B}.Release|x86.ActiveCfg = Release|Any CPU
		{146EED85-D880-4692-ACFC-75218340DD3B}.Release|x86.Build.0 = Release|Any CPU
		{329E062C-2E8F-41C1-AF26-E28418A68EA5}.Debug|Any CPU.ActiveCfg = Debug|x86
		{329E062C-2E8F-41C1-AF26-E28418A68EA5}.Debug|x86.ActiveCfg = Debug|x86
		{329E062C-2E8F-41C1-AF26-E28418A68EA5}.Debug|x86.Build.0 = Debug|x86
		{329E062C-2E8F-41C1-AF26-E28418A68EA5}.Release|Any CPU.ActiveCfg = Release|x86
		{329E062C-2E8F-41C1-AF26-E28418A68EA5}.Release|x86.ActiveCfg = Release|x86
		{329E062C-2E8F-41C1-AF26-E28418A68EA5}.Release|x86.Build.0 = Release|x86
	EndGlobalSection
	GlobalSection(SolutionProperties) = preSolution
		HideSolutionNode = FALSE
	EndGlobalSection
	GlobalSection(ExtensibilityGlobals) = postSolution
		SolutionGuid = {37836610-FDC1-4071-8B50-541BF17072DA}
	EndGlobalSection
EndGlobal
